
Microsoft Visual Studio Solution File, Format Version 12.00
# Visual Studio Version 17
VisualStudioVersion = 17.6.33723.286
MinimumVisualStudioVersion = 10.0.40219.1
Project("{9A19103F-16F7-4668-BE54-9A1E7A4F7556}") = "Projekt", "Projekt.csproj", "{FF4B6C07-71BF-49DF-9453-1124AFFD4306}"
EndProject
Project("{9A19103F-16F7-4668-BE54-9A1E7A4F7556}") = "GUI", "..\GUI\GUI.csproj", "{ED5670F9-3573-4CF7-92CF-455EB1FB5507}"
EndProject
Project("{FAE04EC0-301F-11D3-BF4B-00C04F79EFBC}") = "TestProjektu", "..\TestProjektu\TestProjektu.csproj", "{8527212D-7237-4B1F-89C9-931ABEA84996}"
EndProject
Global
	GlobalSection(SolutionConfigurationPlatforms) = preSolution
		Debug|Any CPU = Debug|Any CPU
		Release|Any CPU = Release|Any CPU
	EndGlobalSection
	GlobalSection(ProjectConfigurationPlatforms) = postSolution
		{FF4B6C07-71BF-49DF-9453-1124AFFD4306}.Debug|Any CPU.ActiveCfg = Debug|Any CPU
		{FF4B6C07-71BF-49DF-9453-1124AFFD4306}.Debug|Any CPU.Build.0 = Debug|Any CPU
		{FF4B6C07-71BF-49DF-9453-1124AFFD4306}.Release|Any CPU.ActiveCfg = Release|Any CPU
		{FF4B6C07-71BF-49DF-9453-1124AFFD4306}.Release|Any CPU.Build.0 = Release|Any CPU
		{ED5670F9-3573-4CF7-92CF-455EB1FB5507}.Debug|Any CPU.ActiveCfg = Debug|Any CPU
		{ED5670F9-3573-4CF7-92CF-455EB1FB5507}.Debug|Any CPU.Build.0 = Debug|Any CPU
		{ED5670F9-3573-4CF7-92CF-455EB1FB5507}.Release|Any CPU.ActiveCfg = Release|Any CPU
		{ED5670F9-3573-4CF7-92CF-455EB1FB5507}.Release|Any CPU.Build.0 = Release|Any CPU
		{8527212D-7237-4B1F-89C9-931ABEA84996}.Debug|Any CPU.ActiveCfg = Debug|Any CPU
		{8527212D-7237-4B1F-89C9-931ABEA84996}.Debug|Any CPU.Build.0 = Debug|Any CPU
		{8527212D-7237-4B1F-89C9-931ABEA84996}.Release|Any CPU.ActiveCfg = Release|Any CPU
		{8527212D-7237-4B1F-89C9-931ABEA84996}.Release|Any CPU.Build.0 = Release|Any CPU
	EndGlobalSection
	GlobalSection(SolutionProperties) = preSolution
		HideSolutionNode = FALSE
	EndGlobalSection
	GlobalSection(ExtensibilityGlobals) = postSolution
		SolutionGuid = {F42BF8AA-941C-41F3-9DD8-DDBD4B9F992A}
	EndGlobalSection
EndGlobal
